// !$*UTF8*$!
{
	archiveVersion = 1;
	classes = {
	};
	objectVersion = 50;
	objects = {

/* Begin PBXBuildFile section */
		18438D6621E6295000CFDC6A /* main.swift in Sources */ = {isa = PBXBuildFile; fileRef = 18438D6521E6295000CFDC6A /* main.swift */; };
		18438D6D21E629B700CFDC6A /* parser.swift in Sources */ = {isa = PBXBuildFile; fileRef = 18438D6C21E629B700CFDC6A /* parser.swift */; };
		18438D7721E62A6E00CFDC6A /* HackAssemblerTests.swift in Sources */ = {isa = PBXBuildFile; fileRef = 18438D7621E62A6E00CFDC6A /* HackAssemblerTests.swift */; };
		18438D7C21E62AB200CFDC6A /* ParserTests.swift in Sources */ = {isa = PBXBuildFile; fileRef = 18438D6E21E629CC00CFDC6A /* ParserTests.swift */; };
		18438D7E21E62CBA00CFDC6A /* parser.swift in Sources */ = {isa = PBXBuildFile; fileRef = 18438D6C21E629B700CFDC6A /* parser.swift */; };
		18438D8221E632EA00CFDC6A /* MaxL.txt in Resources */ = {isa = PBXBuildFile; fileRef = 18438D7F21E62DBA00CFDC6A /* MaxL.txt */; };
		18438D8421E6347200CFDC6A /* assemblerFormatter.swift in Sources */ = {isa = PBXBuildFile; fileRef = 18438D8321E6347200CFDC6A /* assemblerFormatter.swift */; };
		18438D8621E634C200CFDC6A /* AssemblerFormatterTests.swift in Sources */ = {isa = PBXBuildFile; fileRef = 18438D8521E634C200CFDC6A /* AssemblerFormatterTests.swift */; };
		18438D8721E6351B00CFDC6A /* assemblerFormatter.swift in Sources */ = {isa = PBXBuildFile; fileRef = 18438D8321E6347200CFDC6A /* assemblerFormatter.swift */; };
/* End PBXBuildFile section */

/* Begin PBXCopyFilesBuildPhase section */
		18438D6021E6295000CFDC6A /* CopyFiles */ = {
			isa = PBXCopyFilesBuildPhase;
			buildActionMask = 2147483647;
			dstPath = /usr/share/man/man1/;
			dstSubfolderSpec = 0;
			files = (
			);
			runOnlyForDeploymentPostprocessing = 1;
		};
/* End PBXCopyFilesBuildPhase section */

/* Begin PBXFileReference section */
		18438D6221E6295000CFDC6A /* HackAssembler */ = {isa = PBXFileReference; explicitFileType = "compiled.mach-o.executable"; includeInIndex = 0; path = HackAssembler; sourceTree = BUILT_PRODUCTS_DIR; };
		18438D6521E6295000CFDC6A /* main.swift */ = {isa = PBXFileReference; lastKnownFileType = sourcecode.swift; path = main.swift; sourceTree = "<group>"; };
		18438D6C21E629B700CFDC6A /* parser.swift */ = {isa = PBXFileReference; lastKnownFileType = sourcecode.swift; path = parser.swift; sourceTree = "<group>"; };
		18438D6E21E629CC00CFDC6A /* ParserTests.swift */ = {isa = PBXFileReference; lastKnownFileType = sourcecode.swift; path = ParserTests.swift; sourceTree = "<group>"; };
		18438D7421E62A6E00CFDC6A /* HackAssemblerTests.xctest */ = {isa = PBXFileReference; explicitFileType = wrapper.cfbundle; includeInIndex = 0; path = HackAssemblerTests.xctest; sourceTree = BUILT_PRODUCTS_DIR; };
		18438D7621E62A6E00CFDC6A /* HackAssemblerTests.swift */ = {isa = PBXFileReference; lastKnownFileType = sourcecode.swift; path = HackAssemblerTests.swift; sourceTree = "<group>"; };
		18438D7821E62A6E00CFDC6A /* Info.plist */ = {isa = PBXFileReference; lastKnownFileType = text.plist.xml; path = Info.plist; sourceTree = "<group>"; };
		18438D7F21E62DBA00CFDC6A /* MaxL.txt */ = {isa = PBXFileReference; lastKnownFileType = text; path = MaxL.txt; sourceTree = "<group>"; };
		18438D8321E6347200CFDC6A /* assemblerFormatter.swift */ = {isa = PBXFileReference; lastKnownFileType = sourcecode.swift; path = assemblerFormatter.swift; sourceTree = "<group>"; };
		18438D8521E634C200CFDC6A /* AssemblerFormatterTests.swift */ = {isa = PBXFileReference; lastKnownFileType = sourcecode.swift; path = AssemblerFormatterTests.swift; sourceTree = "<group>"; };
/* End PBXFileReference section */

/* Begin PBXFrameworksBuildPhase section */
		18438D5F21E6295000CFDC6A /* Frameworks */ = {
			isa = PBXFrameworksBuildPhase;
			buildActionMask = 2147483647;
			files = (
			);
			runOnlyForDeploymentPostprocessing = 0;
		};
		18438D7121E62A6E00CFDC6A /* Frameworks */ = {
			isa = PBXFrameworksBuildPhase;
			buildActionMask = 2147483647;
			files = (
			);
			runOnlyForDeploymentPostprocessing = 0;
		};
/* End PBXFrameworksBuildPhase section */

/* Begin PBXGroup section */
		18438D5921E6295000CFDC6A = {
			isa = PBXGroup;
			children = (
				18438D6421E6295000CFDC6A /* HackAssembler */,
				18438D7521E62A6E00CFDC6A /* HackAssemblerTests */,
				18438D6321E6295000CFDC6A /* Products */,
			);
			sourceTree = "<group>";
		};
		18438D6321E6295000CFDC6A /* Products */ = {
			isa = PBXGroup;
			children = (
				18438D6221E6295000CFDC6A /* HackAssembler */,
				18438D7421E62A6E00CFDC6A /* HackAssemblerTests.xctest */,
			);
			name = Products;
			sourceTree = "<group>";
		};
		18438D6421E6295000CFDC6A /* HackAssembler */ = {
			isa = PBXGroup;
			children = (
				18438D6521E6295000CFDC6A /* main.swift */,
				18438D6C21E629B700CFDC6A /* parser.swift */,
				18438D8321E6347200CFDC6A /* assemblerFormatter.swift */,
			);
			path = HackAssembler;
			sourceTree = "<group>";
		};
		18438D7521E62A6E00CFDC6A /* HackAssemblerTests */ = {
			isa = PBXGroup;
			children = (
				18438D7621E62A6E00CFDC6A /* HackAssemblerTests.swift */,
				18438D6E21E629CC00CFDC6A /* ParserTests.swift */,
				18438D8521E634C200CFDC6A /* AssemblerFormatterTests.swift */,
				18438D7F21E62DBA00CFDC6A /* MaxL.txt */,
				18438D7821E62A6E00CFDC6A /* Info.plist */,
			);
			path = HackAssemblerTests;
			sourceTree = "<group>";
		};
/* End PBXGroup section */

/* Begin PBXNativeTarget section */
		18438D6121E6295000CFDC6A /* HackAssembler */ = {
			isa = PBXNativeTarget;
			buildConfigurationList = 18438D6921E6295000CFDC6A /* Build configuration list for PBXNativeTarget "HackAssembler" */;
			buildPhases = (
				18438D5E21E6295000CFDC6A /* Sources */,
				18438D5F21E6295000CFDC6A /* Frameworks */,
				18438D6021E6295000CFDC6A /* CopyFiles */,
			);
			buildRules = (
			);
			dependencies = (
			);
			name = HackAssembler;
			productName = HackAssembler;
			productReference = 18438D6221E6295000CFDC6A /* HackAssembler */;
			productType = "com.apple.product-type.tool";
		};
		18438D7321E62A6E00CFDC6A /* HackAssemblerTests */ = {
			isa = PBXNativeTarget;
			buildConfigurationList = 18438D7921E62A6E00CFDC6A /* Build configuration list for PBXNativeTarget "HackAssemblerTests" */;
			buildPhases = (
				18438D7021E62A6E00CFDC6A /* Sources */,
				18438D7121E62A6E00CFDC6A /* Frameworks */,
				18438D7221E62A6E00CFDC6A /* Resources */,
			);
			buildRules = (
			);
			dependencies = (
			);
			name = HackAssemblerTests;
			productName = HackAssemblerTests;
			productReference = 18438D7421E62A6E00CFDC6A /* HackAssemblerTests.xctest */;
			productType = "com.apple.product-type.bundle.unit-test";
		};
/* End PBXNativeTarget section */

/* Begin PBXProject section */
		18438D5A21E6295000CFDC6A /* Project object */ = {
			isa = PBXProject;
			attributes = {
				LastSwiftUpdateCheck = 1010;
				LastUpgradeCheck = 1010;
				ORGANIZATIONNAME = "山田良治";
				TargetAttributes = {
					18438D6121E6295000CFDC6A = {
						CreatedOnToolsVersion = 10.1;
					};
					18438D7321E62A6E00CFDC6A = {
						CreatedOnToolsVersion = 10.1;
					};
				};
			};
			buildConfigurationList = 18438D5D21E6295000CFDC6A /* Build configuration list for PBXProject "HackAssembler" */;
			compatibilityVersion = "Xcode 9.3";
			developmentRegion = en;
			hasScannedForEncodings = 0;
			knownRegions = (
				en,
			);
			mainGroup = 18438D5921E6295000CFDC6A;
			productRefGroup = 18438D6321E6295000CFDC6A /* Products */;
			projectDirPath = "";
			projectRoot = "";
			targets = (
				18438D6121E6295000CFDC6A /* HackAssembler */,
				18438D7321E62A6E00CFDC6A /* HackAssemblerTests */,
			);
		};
/* End PBXProject section */

/* Begin PBXResourcesBuildPhase section */
		18438D7221E62A6E00CFDC6A /* Resources */ = {
			isa = PBXResourcesBuildPhase;
			buildActionMask = 2147483647;
			files = (
				18438D8221E632EA00CFDC6A /* MaxL.txt in Resources */,
			);
			runOnlyForDeploymentPostprocessing = 0;
		};
/* End PBXResourcesBuildPhase section */

/* Begin PBXSourcesBuildPhase section */
		18438D5E21E6295000CFDC6A /* Sources */ = {
			isa = PBXSourcesBuildPhase;
			buildActionMask = 2147483647;
			files = (
				18438D8421E6347200CFDC6A /* assemblerFormatter.swift in Sources */,
				18438D6D21E629B700CFDC6A /* parser.swift in Sources */,
				18438D6621E6295000CFDC6A /* main.swift in Sources */,
			);
			runOnlyForDeploymentPostprocessing = 0;
		};
		18438D7021E62A6E00CFDC6A /* Sources */ = {
			isa = PBXSourcesBuildPhase;
			buildActionMask = 2147483647;
			files = (
				18438D8621E634C200CFDC6A /* AssemblerFormatterTests.swift in Sources */,
				18438D7E21E62CBA00CFDC6A /* parser.swift in Sources */,
				18438D7C21E62AB200CFDC6A /* ParserTests.swift in Sources */,
				18438D7721E62A6E00CFDC6A /* HackAssemblerTests.swift in Sources */,
				18438D8721E6351B00CFDC6A /* assemblerFormatter.swift in Sources */,
			);
			runOnlyForDeploymentPostprocessing = 0;
		};
/* End PBXSourcesBuildPhase section */

/* Begin XCBuildConfiguration section */
		18438D6721E6295000CFDC6A /* Debug */ = {
			isa = XCBuildConfiguration;
			buildSettings = {
				ALWAYS_SEARCH_USER_PATHS = NO;
				CLANG_ANALYZER_NONNULL = YES;
				CLANG_ANALYZER_NUMBER_OBJECT_CONVERSION = YES_AGGRESSIVE;
				CLANG_CXX_LANGUAGE_STANDARD = "gnu++14";
				CLANG_CXX_LIBRARY = "libc++";
				CLANG_ENABLE_MODULES = YES;
				CLANG_ENABLE_OBJC_ARC = YES;
				CLANG_ENABLE_OBJC_WEAK = YES;
				CLANG_WARN_BLOCK_CAPTURE_AUTORELEASING = YES;
				CLANG_WARN_BOOL_CONVERSION = YES;
				CLANG_WARN_COMMA = YES;
				CLANG_WARN_CONSTANT_CONVERSION = YES;
				CLANG_WARN_DEPRECATED_OBJC_IMPLEMENTATIONS = YES;
				CLANG_WARN_DIRECT_OBJC_ISA_USAGE = YES_ERROR;
				CLANG_WARN_DOCUMENTATION_COMMENTS = YES;
				CLANG_WARN_EMPTY_BODY = YES;
				CLANG_WARN_ENUM_CONVERSION = YES;
				CLANG_WARN_INFINITE_RECURSION = YES;
				CLANG_WARN_INT_CONVERSION = YES;
				CLANG_WARN_NON_LITERAL_NULL_CONVERSION = YES;
				CLANG_WARN_OBJC_IMPLICIT_RETAIN_SELF = YES;
				CLANG_WARN_OBJC_LITERAL_CONVERSION = YES;
				CLANG_WARN_OBJC_ROOT_CLASS = YES_ERROR;
				CLANG_WARN_RANGE_LOOP_ANALYSIS = YES;
				CLANG_WARN_STRICT_PROTOTYPES = YES;
				CLANG_WARN_SUSPICIOUS_MOVE = YES;
				CLANG_WARN_UNGUARDED_AVAILABILITY = YES_AGGRESSIVE;
				CLANG_WARN_UNREACHABLE_CODE = YES;
				CLANG_WARN__DUPLICATE_METHOD_MATCH = YES;
				CODE_SIGN_IDENTITY = "Mac Developer";
				COPY_PHASE_STRIP = NO;
				DEBUG_INFORMATION_FORMAT = dwarf;
				ENABLE_STRICT_OBJC_MSGSEND = YES;
				ENABLE_TESTABILITY = YES;
				GCC_C_LANGUAGE_STANDARD = gnu11;
				GCC_DYNAMIC_NO_PIC = NO;
				GCC_NO_COMMON_BLOCKS = YES;
				GCC_OPTIMIZATION_LEVEL = 0;
				GCC_PREPROCESSOR_DEFINITIONS = (
					"DEBUG=1",
					"$(inherited)",
				);
				GCC_WARN_64_TO_32_BIT_CONVERSION = YES;
				GCC_WARN_ABOUT_RETURN_TYPE = YES_ERROR;
				GCC_WARN_UNDECLARED_SELECTOR = YES;
				GCC_WARN_UNINITIALIZED_AUTOS = YES_AGGRESSIVE;
				GCC_WARN_UNUSED_FUNCTION = YES;
				GCC_WARN_UNUSED_VARIABLE = YES;
				MACOSX_DEPLOYMENT_TARGET = 10.14;
				MTL_ENABLE_DEBUG_INFO = INCLUDE_SOURCE;
				MTL_FAST_MATH = YES;
				ONLY_ACTIVE_ARCH = YES;
				SDKROOT = macosx;
				SWIFT_ACTIVE_COMPILATION_CONDITIONS = DEBUG;
				SWIFT_OPTIMIZATION_LEVEL = "-Onone";
			};
			name = Debug;
		};
		18438D6821E6295000CFDC6A /* Release */ = {
			isa = XCBuildConfiguration;
			buildSettings = {
				ALWAYS_SEARCH_USER_PATHS = NO;
				CLANG_ANALYZER_NONNULL = YES;
				CLANG_ANALYZER_NUMBER_OBJECT_CONVERSION = YES_AGGRESSIVE;
				CLANG_CXX_LANGUAGE_STANDARD = "gnu++14";
				CLANG_CXX_LIBRARY = "libc++";
				CLANG_ENABLE_MODULES = YES;
				CLANG_ENABLE_OBJC_ARC = YES;
				CLANG_ENABLE_OBJC_WEAK = YES;
				CLANG_WARN_BLOCK_CAPTURE_AUTORELEASING = YES;
				CLANG_WARN_BOOL_CONVERSION = YES;
				CLANG_WARN_COMMA = YES;
				CLANG_WARN_CONSTANT_CONVERSION = YES;
				CLANG_WARN_DEPRECATED_OBJC_IMPLEMENTATIONS = YES;
				CLANG_WARN_DIRECT_OBJC_ISA_USAGE = YES_ERROR;
				CLANG_WARN_DOCUMENTATION_COMMENTS = YES;
				CLANG_WARN_EMPTY_BODY = YES;
				CLANG_WARN_ENUM_CONVERSION = YES;
				CLANG_WARN_INFINITE_RECURSION = YES;
				CLANG_WARN_INT_CONVERSION = YES;
				CLANG_WARN_NON_LITERAL_NULL_CONVERSION = YES;
				CLANG_WARN_OBJC_IMPLICIT_RETAIN_SELF = YES;
				CLANG_WARN_OBJC_LITERAL_CONVERSION = YES;
				CLANG_WARN_OBJC_ROOT_CLASS = YES_ERROR;
				CLANG_WARN_RANGE_LOOP_ANALYSIS = YES;
				CLANG_WARN_STRICT_PROTOTYPES = YES;
				CLANG_WARN_SUSPICIOUS_MOVE = YES;
				CLANG_WARN_UNGUARDED_AVAILABILITY = YES_AGGRESSIVE;
				CLANG_WARN_UNREACHABLE_CODE = YES;
				CLANG_WARN__DUPLICATE_METHOD_MATCH = YES;
				CODE_SIGN_IDENTITY = "Mac Developer";
				COPY_PHASE_STRIP = NO;
				DEBUG_INFORMATION_FORMAT = "dwarf-with-dsym";
				ENABLE_NS_ASSERTIONS = NO;
				ENABLE_STRICT_OBJC_MSGSEND = YES;
				GCC_C_LANGUAGE_STANDARD = gnu11;
				GCC_NO_COMMON_BLOCKS = YES;
				GCC_WARN_64_TO_32_BIT_CONVERSION = YES;
				GCC_WARN_ABOUT_RETURN_TYPE = YES_ERROR;
				GCC_WARN_UNDECLARED_SELECTOR = YES;
				GCC_WARN_UNINITIALIZED_AUTOS = YES_AGGRESSIVE;
				GCC_WARN_UNUSED_FUNCTION = YES;
				GCC_WARN_UNUSED_VARIABLE = YES;
				MACOSX_DEPLOYMENT_TARGET = 10.14;
				MTL_ENABLE_DEBUG_INFO = NO;
				MTL_FAST_MATH = YES;
				SDKROOT = macosx;
				SWIFT_COMPILATION_MODE = wholemodule;
				SWIFT_OPTIMIZATION_LEVEL = "-O";
			};
			name = Release;
		};
		18438D6A21E6295000CFDC6A /* Debug */ = {
			isa = XCBuildConfiguration;
			buildSettings = {
				CODE_SIGN_STYLE = Automatic;
				DEVELOPMENT_TEAM = Z5DLXLSS2U;
				PRODUCT_NAME = "$(TARGET_NAME)";
				SWIFT_VERSION = 4.2;
			};
			name = Debug;
		};
		18438D6B21E6295000CFDC6A /* Release */ = {
			isa = XCBuildConfiguration;
			buildSettings = {
				CODE_SIGN_STYLE = Automatic;
				DEVELOPMENT_TEAM = Z5DLXLSS2U;
				PRODUCT_NAME = "$(TARGET_NAME)";
				SWIFT_VERSION = 4.2;
			};
			name = Release;
		};
		18438D7A21E62A6E00CFDC6A /* Debug */ = {
			isa = XCBuildConfiguration;
			buildSettings = {
				CODE_SIGN_STYLE = Automatic;
				COMBINE_HIDPI_IMAGES = YES;
				DEVELOPMENT_TEAM = Z5DLXLSS2U;
				INFOPLIST_FILE = HackAssemblerTests/Info.plist;
				LD_RUNPATH_SEARCH_PATHS = (
					"$(inherited)",
					"@executable_path/../Frameworks",
					"@loader_path/../Frameworks",
				);
				PRODUCT_BUNDLE_IDENTIFIER = syatyo.HackAssemblerTests;
				PRODUCT_NAME = "$(TARGET_NAME)";
				SWIFT_VERSION = 4.2;
			};
			name = Debug;
		};
		18438D7B21E62A6E00CFDC6A /* Release */ = {
			isa = XCBuildConfiguration;
			buildSettings = {
				CODE_SIGN_STYLE = Automatic;
				COMBINE_HIDPI_IMAGES = YES;
				DEVELOPMENT_TEAM = Z5DLXLSS2U;
				INFOPLIST_FILE = HackAssemblerTests/Info.plist;
				LD_RUNPATH_SEARCH_PATHS = (
					"$(inherited)",
					"@executable_path/../Frameworks",
					"@loader_path/../Frameworks",
				);
				PRODUCT_BUNDLE_IDENTIFIER = syatyo.HackAssemblerTests;
				PRODUCT_NAME = "$(TARGET_NAME)";
				SWIFT_VERSION = 4.2;
			};
			name = Release;
		};
/* End XCBuildConfiguration section */

/* Begin XCConfigurationList section */
		18438D5D21E6295000CFDC6A /* Build configuration list for PBXProject "HackAssembler" */ = {
			isa = XCConfigurationList;
			buildConfigurations = (
				18438D6721E6295000CFDC6A /* Debug */,
				18438D6821E6295000CFDC6A /* Release */,
			);
			defaultConfigurationIsVisible = 0;
			defaultConfigurationName = Release;
		};
		18438D6921E6295000CFDC6A /* Build configuration list for PBXNativeTarget "HackAssembler" */ = {
			isa = XCConfigurationList;
			buildConfigurations = (
				18438D6A21E6295000CFDC6A /* Debug */,
				18438D6B21E6295000CFDC6A /* Release */,
			);
			defaultConfigurationIsVisible = 0;
			defaultConfigurationName = Release;
		};
		18438D7921E62A6E00CFDC6A /* Build configuration list for PBXNativeTarget "HackAssemblerTests" */ = {
			isa = XCConfigurationList;
			buildConfigurations = (
				18438D7A21E62A6E00CFDC6A /* Debug */,
				18438D7B21E62A6E00CFDC6A /* Release */,
			);
			defaultConfigurationIsVisible = 0;
			defaultConfigurationName = Release;
		};
/* End XCConfigurationList section */
	};
	rootObject = 18438D5A21E6295000CFDC6A /* Project object */;
}
